
Microsoft Visual Studio Solution File, Format Version 12.00
# Visual Studio 14
VisualStudioVersion = 14.0.25123.0
MinimumVisualStudioVersion = 10.0.40219.1
Project("{FAE04EC0-301F-11D3-BF4B-00C04F79EFBC}") = "FoodTrucks.Data", "FoodTrucks.Data\FoodTrucks.Data.csproj", "{8739B777-507F-4164-BEF3-864F8B44CBDA}"
EndProject
Project("{00D1A9C2-B5F0-4AF3-8072-F6C62B433612}") = "FoodTrucksDb", "FoodTrucksDb\FoodTrucksDb.sqlproj", "{0284B30F-D418-4EC2-8CE4-6F91682CDC0D}"
EndProject
Project("{FAE04EC0-301F-11D3-BF4B-00C04F79EFBC}") = "FoodTrucksApi", "FoodTrucksApi\FoodTrucksApi.csproj", "{7C7A521C-077A-4A5C-B5C1-89FB93B1123F}"
EndProject
Project("{FAE04EC0-301F-11D3-BF4B-00C04F79EFBC}") = "FoodTrucksApi.Tests", "FoodTrucksApi.Tests\FoodTrucksApi.Tests.csproj", "{B1F63C0D-B4C1-4AEB-8D92-44FBA58212E7}"
EndProject
Project("{FAE04EC0-301F-11D3-BF4B-00C04F79EFBC}") = "FoodTrucksCore", "FoodTrucksCore\FoodTrucksCore.csproj", "{37C6E170-70F6-48EC-A3BC-BC1B83037817}"
EndProject
Project("{FAE04EC0-301F-11D3-BF4B-00C04F79EFBC}") = "FoodTrucksModel", "FoodTrucksModel\FoodTrucksModel.csproj", "{95235FAF-5D1D-459F-9F7F-A7B87061513E}"
EndProject
Project("{FAE04EC0-301F-11D3-BF4B-00C04F79EFBC}") = "FoodTrucksData", "FoodTrucksData\FoodTrucksData.csproj", "{E3A1A637-D69A-415C-A4C5-D43BF970F6FC}"
EndProject
Global
	GlobalSection(SolutionConfigurationPlatforms) = preSolution
		Debug|Any CPU = Debug|Any CPU
		Release|Any CPU = Release|Any CPU
	EndGlobalSection
	GlobalSection(ProjectConfigurationPlatforms) = postSolution
		{8739B777-507F-4164-BEF3-864F8B44CBDA}.Debug|Any CPU.ActiveCfg = Debug|Any CPU
		{8739B777-507F-4164-BEF3-864F8B44CBDA}.Debug|Any CPU.Build.0 = Debug|Any CPU
		{8739B777-507F-4164-BEF3-864F8B44CBDA}.Release|Any CPU.ActiveCfg = Release|Any CPU
		{8739B777-507F-4164-BEF3-864F8B44CBDA}.Release|Any CPU.Build.0 = Release|Any CPU
		{0284B30F-D418-4EC2-8CE4-6F91682CDC0D}.Debug|Any CPU.ActiveCfg = Debug|Any CPU
		{0284B30F-D418-4EC2-8CE4-6F91682CDC0D}.Debug|Any CPU.Build.0 = Debug|Any CPU
		{0284B30F-D418-4EC2-8CE4-6F91682CDC0D}.Debug|Any CPU.Deploy.0 = Debug|Any CPU
		{0284B30F-D418-4EC2-8CE4-6F91682CDC0D}.Release|Any CPU.ActiveCfg = Release|Any CPU
		{0284B30F-D418-4EC2-8CE4-6F91682CDC0D}.Release|Any CPU.Build.0 = Release|Any CPU
		{0284B30F-D418-4EC2-8CE4-6F91682CDC0D}.Release|Any CPU.Deploy.0 = Release|Any CPU
		{7C7A521C-077A-4A5C-B5C1-89FB93B1123F}.Debug|Any CPU.ActiveCfg = Debug|Any CPU
		{7C7A521C-077A-4A5C-B5C1-89FB93B1123F}.Debug|Any CPU.Build.0 = Debug|Any CPU
		{7C7A521C-077A-4A5C-B5C1-89FB93B1123F}.Release|Any CPU.ActiveCfg = Release|Any CPU
		{7C7A521C-077A-4A5C-B5C1-89FB93B1123F}.Release|Any CPU.Build.0 = Release|Any CPU
		{B1F63C0D-B4C1-4AEB-8D92-44FBA58212E7}.Debug|Any CPU.ActiveCfg = Debug|Any CPU
		{B1F63C0D-B4C1-4AEB-8D92-44FBA58212E7}.Debug|Any CPU.Build.0 = Debug|Any CPU
		{B1F63C0D-B4C1-4AEB-8D92-44FBA58212E7}.Release|Any CPU.ActiveCfg = Release|Any CPU
		{B1F63C0D-B4C1-4AEB-8D92-44FBA58212E7}.Release|Any CPU.Build.0 = Release|Any CPU
		{37C6E170-70F6-48EC-A3BC-BC1B83037817}.Debug|Any CPU.ActiveCfg = Debug|Any CPU
		{37C6E170-70F6-48EC-A3BC-BC1B83037817}.Debug|Any CPU.Build.0 = Debug|Any CPU
		{37C6E170-70F6-48EC-A3BC-BC1B83037817}.Release|Any CPU.ActiveCfg = Release|Any CPU
		{37C6E170-70F6-48EC-A3BC-BC1B83037817}.Release|Any CPU.Build.0 = Release|Any CPU
		{95235FAF-5D1D-459F-9F7F-A7B87061513E}.Debug|Any CPU.ActiveCfg = Debug|Any CPU
		{95235FAF-5D1D-459F-9F7F-A7B87061513E}.Debug|Any CPU.Build.0 = Debug|Any CPU
		{95235FAF-5D1D-459F-9F7F-A7B87061513E}.Release|Any CPU.ActiveCfg = Release|Any CPU
		{95235FAF-5D1D-459F-9F7F-A7B87061513E}.Release|Any CPU.Build.0 = Release|Any CPU
		{E3A1A637-D69A-415C-A4C5-D43BF970F6FC}.Debug|Any CPU.ActiveCfg = Debug|Any CPU
		{E3A1A637-D69A-415C-A4C5-D43BF970F6FC}.Debug|Any CPU.Build.0 = Debug|Any CPU
		{E3A1A637-D69A-415C-A4C5-D43BF970F6FC}.Release|Any CPU.ActiveCfg = Release|Any CPU
		{E3A1A637-D69A-415C-A4C5-D43BF970F6FC}.Release|Any CPU.Build.0 = Release|Any CPU
	EndGlobalSection
	GlobalSection(SolutionProperties) = preSolution
		HideSolutionNode = FALSE
	EndGlobalSection
EndGlobal
